
Microsoft Visual Studio Solution File, Format Version 12.00
# Visual Studio 15
VisualStudioVersion = 15.0.27428.2005
MinimumVisualStudioVersion = 10.0.40219.1
Project("{FAE04EC0-301F-11D3-BF4B-00C04F79EFBC}") = "PR1", "PR1\PR1.csproj", "{29D288AA-5F05-4A27-8DE2-4F4EEDA9318C}"
EndProject
Global
	GlobalSection(SolutionConfigurationPlatforms) = preSolution
		Debug|Any CPU = Debug|Any CPU
		Release|Any CPU = Release|Any CPU
	EndGlobalSection
	GlobalSection(ProjectConfigurationPlatforms) = postSolution
		{29D288AA-5F05-4A27-8DE2-4F4EEDA9318C}.Debug|Any CPU.ActiveCfg = Debug|Any CPU
		{29D288AA-5F05-4A27-8DE2-4F4EEDA9318C}.Debug|Any CPU.Build.0 = Debug|Any CPU
		{29D288AA-5F05-4A27-8DE2-4F4EEDA9318C}.Release|Any CPU.ActiveCfg = Release|Any CPU
		{29D288AA-5F05-4A27-8DE2-4F4EEDA9318C}.Release|Any CPU.Build.0 = Release|Any CPU
	EndGlobalSection
	GlobalSection(SolutionProperties) = preSolution
		HideSolutionNode = FALSE
	EndGlobalSection
	GlobalSection(ExtensibilityGlobals) = postSolution
		SolutionGuid = {FA0DCE09-534A-4F0B-9CE2-CF0BDBA8DCC8}
	EndGlobalSection
EndGlobal
